
Microsoft Visual Studio Solution File, Format Version 12.00
# Visual Studio Version 17
VisualStudioVersion = 17.0.31903.59
MinimumVisualStudioVersion = 10.0.40219.1
Project("{2150E333-8FDC-42A3-9474-1A3956D46DE8}") = "src", "src", "{827E0CD3-B72D-47B6-A68D-7590B98EB39B}"
EndProject
Project("{FAE04EC0-301F-11D3-BF4B-00C04F79EFBC}") = "Rivo.Domain", "src\Rivo.Domain\Rivo.Domain.csproj", "{277F222E-6F61-4780-8FCC-09C7E3FCDBFD}"
EndProject
Project("{FAE04EC0-301F-11D3-BF4B-00C04F79EFBC}") = "Rivo.Application", "src\Rivo.Application\Rivo.Application.csproj", "{6AFE96D6-1AC4-434E-A400-FBB4800F987C}"
EndProject
Project("{FAE04EC0-301F-11D3-BF4B-00C04F79EFBC}") = "Rivo.Infrastructure", "src\Rivo.Infrastructure\Rivo.Infrastructure.csproj", "{FE41901F-F30F-4356-82F9-950A8EF1D0C3}"
EndProject
Project("{FAE04EC0-301F-11D3-BF4B-00C04F79EFBC}") = "Rivo.API", "src\Rivo.API\Rivo.API.csproj", "{92D53103-D05D-4017-8A36-77182A7CD9BC}"
EndProject
Project("{2150E333-8FDC-42A3-9474-1A3956D46DE8}") = "tests", "tests", "{0AB3BF05-4346-4AA6-1389-037BE0695223}"
EndProject
Project("{FAE04EC0-301F-11D3-BF4B-00C04F79EFBC}") = "Rivo.UnitTests", "tests\Rivo.UnitTests\Rivo.UnitTests.csproj", "{742CA240-8252-4909-A3EB-E3F901CB7212}"
EndProject
Project("{FAE04EC0-301F-11D3-BF4B-00C04F79EFBC}") = "Rivo.IntegrationTests", "tests\Rivo.IntegrationTests\Rivo.IntegrationTests.csproj", "{4A3C0716-8EBD-4F67-9B0C-31D4BFD09079}"
EndProject
Global
	GlobalSection(SolutionConfigurationPlatforms) = preSolution
		Debug|Any CPU = Debug|Any CPU
		Debug|x64 = Debug|x64
		Debug|x86 = Debug|x86
		Release|Any CPU = Release|Any CPU
		Release|x64 = Release|x64
		Release|x86 = Release|x86
	EndGlobalSection
	GlobalSection(ProjectConfigurationPlatforms) = postSolution
		{277F222E-6F61-4780-8FCC-09C7E3FCDBFD}.Debug|Any CPU.ActiveCfg = Debug|Any CPU
		{277F222E-6F61-4780-8FCC-09C7E3FCDBFD}.Debug|Any CPU.Build.0 = Debug|Any CPU
		{277F222E-6F61-4780-8FCC-09C7E3FCDBFD}.Debug|x64.ActiveCfg = Debug|Any CPU
		{277F222E-6F61-4780-8FCC-09C7E3FCDBFD}.Debug|x64.Build.0 = Debug|Any CPU
		{277F222E-6F61-4780-8FCC-09C7E3FCDBFD}.Debug|x86.ActiveCfg = Debug|Any CPU
		{277F222E-6F61-4780-8FCC-09C7E3FCDBFD}.Debug|x86.Build.0 = Debug|Any CPU
		{277F222E-6F61-4780-8FCC-09C7E3FCDBFD}.Release|Any CPU.ActiveCfg = Release|Any CPU
		{277F222E-6F61-4780-8FCC-09C7E3FCDBFD}.Release|Any CPU.Build.0 = Release|Any CPU
		{277F222E-6F61-4780-8FCC-09C7E3FCDBFD}.Release|x64.ActiveCfg = Release|Any CPU
		{277F222E-6F61-4780-8FCC-09C7E3FCDBFD}.Release|x64.Build.0 = Release|Any CPU
		{277F222E-6F61-4780-8FCC-09C7E3FCDBFD}.Release|x86.ActiveCfg = Release|Any CPU
		{277F222E-6F61-4780-8FCC-09C7E3FCDBFD}.Release|x86.Build.0 = Release|Any CPU
		{6AFE96D6-1AC4-434E-A400-FBB4800F987C}.Debug|Any CPU.ActiveCfg = Debug|Any CPU
		{6AFE96D6-1AC4-434E-A400-FBB4800F987C}.Debug|Any CPU.Build.0 = Debug|Any CPU
		{6AFE96D6-1AC4-434E-A400-FBB4800F987C}.Debug|x64.ActiveCfg = Debug|Any CPU
		{6AFE96D6-1AC4-434E-A400-FBB4800F987C}.Debug|x64.Build.0 = Debug|Any CPU
		{6AFE96D6-1AC4-434E-A400-FBB4800F987C}.Debug|x86.ActiveCfg = Debug|Any CPU
		{6AFE96D6-1AC4-434E-A400-FBB4800F987C}.Debug|x86.Build.0 = Debug|Any CPU
		{6AFE96D6-1AC4-434E-A400-FBB4800F987C}.Release|Any CPU.ActiveCfg = Release|Any CPU
		{6AFE96D6-1AC4-434E-A400-FBB4800F987C}.Release|Any CPU.Build.0 = Release|Any CPU
		{6AFE96D6-1AC4-434E-A400-FBB4800F987C}.Release|x64.ActiveCfg = Release|Any CPU
		{6AFE96D6-1AC4-434E-A400-FBB4800F987C}.Release|x64.Build.0 = Release|Any CPU
		{6AFE96D6-1AC4-434E-A400-FBB4800F987C}.Release|x86.ActiveCfg = Release|Any CPU
		{6AFE96D6-1AC4-434E-A400-FBB4800F987C}.Release|x86.Build.0 = Release|Any CPU
		{FE41901F-F30F-4356-82F9-950A8EF1D0C3}.Debug|Any CPU.ActiveCfg = Debug|Any CPU
		{FE41901F-F30F-4356-82F9-950A8EF1D0C3}.Debug|Any CPU.Build.0 = Debug|Any CPU
		{FE41901F-F30F-4356-82F9-950A8EF1D0C3}.Debug|x64.ActiveCfg = Debug|Any CPU
		{FE41901F-F30F-4356-82F9-950A8EF1D0C3}.Debug|x64.Build.0 = Debug|Any CPU
		{FE41901F-F30F-4356-82F9-950A8EF1D0C3}.Debug|x86.ActiveCfg = Debug|Any CPU
		{FE41901F-F30F-4356-82F9-950A8EF1D0C3}.Debug|x86.Build.0 = Debug|Any CPU
		{FE41901F-F30F-4356-82F9-950A8EF1D0C3}.Release|Any CPU.ActiveCfg = Release|Any CPU
		{FE41901F-F30F-4356-82F9-950A8EF1D0C3}.Release|Any CPU.Build.0 = Release|Any CPU
		{FE41901F-F30F-4356-82F9-950A8EF1D0C3}.Release|x64.ActiveCfg = Release|Any CPU
		{FE41901F-F30F-4356-82F9-950A8EF1D0C3}.Release|x64.Build.0 = Release|Any CPU
		{FE41901F-F30F-4356-82F9-950A8EF1D0C3}.Release|x86.ActiveCfg = Release|Any CPU
		{FE41901F-F30F-4356-82F9-950A8EF1D0C3}.Release|x86.Build.0 = Release|Any CPU
		{92D53103-D05D-4017-8A36-77182A7CD9BC}.Debug|Any CPU.ActiveCfg = Debug|Any CPU
		{92D53103-D05D-4017-8A36-77182A7CD9BC}.Debug|Any CPU.Build.0 = Debug|Any CPU
		{92D53103-D05D-4017-8A36-77182A7CD9BC}.Debug|x64.ActiveCfg = Debug|Any CPU
		{92D53103-D05D-4017-8A36-77182A7CD9BC}.Debug|x64.Build.0 = Debug|Any CPU
		{92D53103-D05D-4017-8A36-77182A7CD9BC}.Debug|x86.ActiveCfg = Debug|Any CPU
		{92D53103-D05D-4017-8A36-77182A7CD9BC}.Debug|x86.Build.0 = Debug|Any CPU
		{92D53103-D05D-4017-8A36-77182A7CD9BC}.Release|Any CPU.ActiveCfg = Release|Any CPU
		{92D53103-D05D-4017-8A36-77182A7CD9BC}.Release|Any CPU.Build.0 = Release|Any CPU
		{92D53103-D05D-4017-8A36-77182A7CD9BC}.Release|x64.ActiveCfg = Release|Any CPU
		{92D53103-D05D-4017-8A36-77182A7CD9BC}.Release|x64.Build.0 = Release|Any CPU
		{92D53103-D05D-4017-8A36-77182A7CD9BC}.Release|x86.ActiveCfg = Release|Any CPU
		{92D53103-D05D-4017-8A36-77182A7CD9BC}.Release|x86.Build.0 = Release|Any CPU
		{742CA240-8252-4909-A3EB-E3F901CB7212}.Debug|Any CPU.ActiveCfg = Debug|Any CPU
		{742CA240-8252-4909-A3EB-E3F901CB7212}.Debug|Any CPU.Build.0 = Debug|Any CPU
		{742CA240-8252-4909-A3EB-E3F901CB7212}.Debug|x64.ActiveCfg = Debug|Any CPU
		{742CA240-8252-4909-A3EB-E3F901CB7212}.Debug|x64.Build.0 = Debug|Any CPU
		{742CA240-8252-4909-A3EB-E3F901CB7212}.Debug|x86.ActiveCfg = Debug|Any CPU
		{742CA240-8252-4909-A3EB-E3F901CB7212}.Debug|x86.Build.0 = Debug|Any CPU
		{742CA240-8252-4909-A3EB-E3F901CB7212}.Release|Any CPU.ActiveCfg = Release|Any CPU
		{742CA240-8252-4909-A3EB-E3F901CB7212}.Release|Any CPU.Build.0 = Release|Any CPU
		{742CA240-8252-4909-A3EB-E3F901CB7212}.Release|x64.ActiveCfg = Release|Any CPU
		{742CA240-8252-4909-A3EB-E3F901CB7212}.Release|x64.Build.0 = Release|Any CPU
		{742CA240-8252-4909-A3EB-E3F901CB7212}.Release|x86.ActiveCfg = Release|Any CPU
		{742CA240-8252-4909-A3EB-E3F901CB7212}.Release|x86.Build.0 = Release|Any CPU
		{4A3C0716-8EBD-4F67-9B0C-31D4BFD09079}.Debug|Any CPU.ActiveCfg = Debug|Any CPU
		{4A3C0716-8EBD-4F67-9B0C-31D4BFD09079}.Debug|Any CPU.Build.0 = Debug|Any CPU
		{4A3C0716-8EBD-4F67-9B0C-31D4BFD09079}.Debug|x64.ActiveCfg = Debug|Any CPU
		{4A3C0716-8EBD-4F67-9B0C-31D4BFD09079}.Debug|x64.Build.0 = Debug|Any CPU
		{4A3C0716-8EBD-4F67-9B0C-31D4BFD09079}.Debug|x86.ActiveCfg = Debug|Any CPU
		{4A3C0716-8EBD-4F67-9B0C-31D4BFD09079}.Debug|x86.Build.0 = Debug|Any CPU
		{4A3C0716-8EBD-4F67-9B0C-31D4BFD09079}.Release|Any CPU.ActiveCfg = Release|Any CPU
		{4A3C0716-8EBD-4F67-9B0C-31D4BFD09079}.Release|Any CPU.Build.0 = Release|Any CPU
		{4A3C0716-8EBD-4F67-9B0C-31D4BFD09079}.Release|x64.ActiveCfg = Release|Any CPU
		{4A3C0716-8EBD-4F67-9B0C-31D4BFD09079}.Release|x64.Build.0 = Release|Any CPU
		{4A3C0716-8EBD-4F67-9B0C-31D4BFD09079}.Release|x86.ActiveCfg = Release|Any CPU
		{4A3C0716-8EBD-4F67-9B0C-31D4BFD09079}.Release|x86.Build.0 = Release|Any CPU
	EndGlobalSection
	GlobalSection(SolutionProperties) = preSolution
		HideSolutionNode = FALSE
	EndGlobalSection
	GlobalSection(NestedProjects) = preSolution
		{277F222E-6F61-4780-8FCC-09C7E3FCDBFD} = {827E0CD3-B72D-47B6-A68D-7590B98EB39B}
		{6AFE96D6-1AC4-434E-A400-FBB4800F987C} = {827E0CD3-B72D-47B6-A68D-7590B98EB39B}
		{FE41901F-F30F-4356-82F9-950A8EF1D0C3} = {827E0CD3-B72D-47B6-A68D-7590B98EB39B}
		{92D53103-D05D-4017-8A36-77182A7CD9BC} = {827E0CD3-B72D-47B6-A68D-7590B98EB39B}
		{742CA240-8252-4909-A3EB-E3F901CB7212} = {0AB3BF05-4346-4AA6-1389-037BE0695223}
		{4A3C0716-8EBD-4F67-9B0C-31D4BFD09079} = {0AB3BF05-4346-4AA6-1389-037BE0695223}
	EndGlobalSection
EndGlobal
